
Microsoft Visual Studio Solution File, Format Version 12.00
# Visual Studio Version 16
VisualStudioVersion = 16.0.31624.102
MinimumVisualStudioVersion = 10.0.40219.1
Project("{FAE04EC0-301F-11D3-BF4B-00C04F79EFBC}") = "Certamen1_Alfonso_Nunez", "Certamen1_Alfonso_Nunez.csproj", "{2C4EE5A2-D5CB-48DB-AD21-8D71AC8C1269}"
EndProject
Global
	GlobalSection(SolutionConfigurationPlatforms) = preSolution
		Debug|Any CPU = Debug|Any CPU
		Release|Any CPU = Release|Any CPU
	EndGlobalSection
	GlobalSection(ProjectConfigurationPlatforms) = postSolution
		{2C4EE5A2-D5CB-48DB-AD21-8D71AC8C1269}.Debug|Any CPU.ActiveCfg = Debug|Any CPU
		{2C4EE5A2-D5CB-48DB-AD21-8D71AC8C1269}.Debug|Any CPU.Build.0 = Debug|Any CPU
		{2C4EE5A2-D5CB-48DB-AD21-8D71AC8C1269}.Release|Any CPU.ActiveCfg = Release|Any CPU
		{2C4EE5A2-D5CB-48DB-AD21-8D71AC8C1269}.Release|Any CPU.Build.0 = Release|Any CPU
	EndGlobalSection
	GlobalSection(SolutionProperties) = preSolution
		HideSolutionNode = FALSE
	EndGlobalSection
	GlobalSection(ExtensibilityGlobals) = postSolution
		SolutionGuid = {AF80E970-B063-4B5D-8628-83546939427A}
	EndGlobalSection
EndGlobal
